
Microsoft Visual Studio Solution File, Format Version 12.00
# Visual Studio Version 17
VisualStudioVersion = 17.4.33103.184
MinimumVisualStudioVersion = 10.0.40219.1
Project("{9A19103F-16F7-4668-BE54-9A1E7A4F7556}") = "MooVC.Architecture", "src\MooVC.Architecture\MooVC.Architecture.csproj", "{6191BDF0-23DA-4458-8B3E-DEC78A15F514}"
EndProject
Project("{9A19103F-16F7-4668-BE54-9A1E7A4F7556}") = "MooVC.Architecture.Tests", "src\MooVC.Architecture.Tests\MooVC.Architecture.Tests.csproj", "{16C92F5F-53C5-4004-883F-F768608602BC}"
EndProject
Project("{2150E333-8FDC-42A3-9474-1A3956D46DE8}") = "Solution Items", "Solution Items", "{9656C3C2-E8C5-462F-9A5D-3BF6A479A6A9}"
	ProjectSection(SolutionItems) = preProject
		..\.editorconfig = ..\.editorconfig
		..\.gitignore = ..\.gitignore
		..\Directory.Build.props = ..\Directory.Build.props
		..\LICENSE = ..\LICENSE
		..\README.md = ..\README.md
	EndProjectSection
EndProject
Global
	GlobalSection(SolutionConfigurationPlatforms) = preSolution
		Debug|Any CPU = Debug|Any CPU
		Release|Any CPU = Release|Any CPU
	EndGlobalSection
	GlobalSection(ProjectConfigurationPlatforms) = postSolution
		{6191BDF0-23DA-4458-8B3E-DEC78A15F514}.Debug|Any CPU.ActiveCfg = Debug|Any CPU
		{6191BDF0-23DA-4458-8B3E-DEC78A15F514}.Debug|Any CPU.Build.0 = Debug|Any CPU
		{6191BDF0-23DA-4458-8B3E-DEC78A15F514}.Release|Any CPU.ActiveCfg = Release|Any CPU
		{6191BDF0-23DA-4458-8B3E-DEC78A15F514}.Release|Any CPU.Build.0 = Release|Any CPU
		{16C92F5F-53C5-4004-883F-F768608602BC}.Debug|Any CPU.ActiveCfg = Debug|Any CPU
		{16C92F5F-53C5-4004-883F-F768608602BC}.Debug|Any CPU.Build.0 = Debug|Any CPU
		{16C92F5F-53C5-4004-883F-F768608602BC}.Release|Any CPU.ActiveCfg = Release|Any CPU
		{16C92F5F-53C5-4004-883F-F768608602BC}.Release|Any CPU.Build.0 = Release|Any CPU
	EndGlobalSection
	GlobalSection(SolutionProperties) = preSolution
		HideSolutionNode = FALSE
	EndGlobalSection
	GlobalSection(ExtensibilityGlobals) = postSolution
		SolutionGuid = {B8B7EC88-B958-44D8-9E0F-AAE5451CDECB}
	EndGlobalSection
EndGlobal
